
Microsoft Visual Studio Solution File, Format Version 12.00
# Visual Studio Version 16
VisualStudioVersion = 16.0.30309.148
MinimumVisualStudioVersion = 10.0.40219.1
Project("{8BC9CEB8-8B4A-11D0-8D11-00A0C91BC942}") = "UseMutex_Critical_section", "os_system_programming\os_system_programming.vcxproj", "{EC8608C9-2F21-41C8-8C8D-962D1D536EE8}"
EndProject
Project("{8BC9CEB8-8B4A-11D0-8D11-00A0C91BC942}") = "Use_Semaphore", "Use_Semaphore\Use_Semaphore.vcxproj", "{99681A6E-D339-4F26-BBD8-49EE71242898}"
EndProject
Project("{8BC9CEB8-8B4A-11D0-8D11-00A0C91BC942}") = "MUTEX_WAIT_ABANDONED", "MUTEX_WAIT_ABANDONED\MUTEX_WAIT_ABANDONED.vcxproj", "{5601CA82-AB06-47C1-B7C5-8E28253897F6}"
EndProject
Project("{8BC9CEB8-8B4A-11D0-8D11-00A0C91BC942}") = "StringEvent2", "StringEvent2\StringEvent2.vcxproj", "{13F23DEF-C56B-491B-B918-F598B758F7C4}"
EndProject
Project("{8BC9CEB8-8B4A-11D0-8D11-00A0C91BC942}") = "Event_Mutex", "Event_Mutex\Event_Mutex.vcxproj", "{B2E9C8C9-3613-42F5-A94B-1AECDAD7CEF7}"
EndProject
Project("{8BC9CEB8-8B4A-11D0-8D11-00A0C91BC942}") = "ManualResetTimer", "ManualResetTimer\ManualResetTimer.vcxproj", "{4E5F57D0-86F6-409D-9CFF-2A64F0B1BEA9}"
EndProject
Project("{8BC9CEB8-8B4A-11D0-8D11-00A0C91BC942}") = "ThreadPool", "ThreadPool\ThreadPool.vcxproj", "{67579777-5062-4293-B5F0-E2A1A448F6EB}"
EndProject
Project("{8BC9CEB8-8B4A-11D0-8D11-00A0C91BC942}") = "type", "type\type.vcxproj", "{AE75AACB-0C0C-4F37-B7FE-05119581346A}"
EndProject
Project("{8BC9CEB8-8B4A-11D0-8D11-00A0C91BC942}") = "CmdProject", "CommandPrmpt_One\CommandPrmpt_One.vcxproj", "{388AD092-0DA7-411C-A379-08C433E33E79}"
EndProject
Project("{8BC9CEB8-8B4A-11D0-8D11-00A0C91BC942}") = "try_finally", "try_finally\try_finally.vcxproj", "{3368187C-5674-461B-A212-F42D47D3C3C4}"
EndProject
Project("{8BC9CEB8-8B4A-11D0-8D11-00A0C91BC942}") = "exception_finally", "exception_finally\exception_finally.vcxproj", "{AF48DBE9-B079-4E65-AEE1-306A693F0490}"
EndProject
Project("{8BC9CEB8-8B4A-11D0-8D11-00A0C91BC942}") = "TerminationHandlerEx2", "TerminationHandlerEx2\TerminationHandlerEx2.vcxproj", "{D622AE34-AA68-4B3A-B71C-2B1D1BA4B065}"
EndProject
Project("{8BC9CEB8-8B4A-11D0-8D11-00A0C91BC942}") = "SEH_FlowView", "SEH_FlowView\SEH_FlowView.vcxproj", "{BC4339F1-61D2-4E9D-A3D2-0128A7316117}"
EndProject
Project("{8BC9CEB8-8B4A-11D0-8D11-00A0C91BC942}") = "c++11_thread", "c++11_thread\c++11_thread.vcxproj", "{EAF1F5A3-9BE0-4B7F-99FB-323C3D6DC589}"
EndProject
Project("{8BC9CEB8-8B4A-11D0-8D11-00A0C91BC942}") = "SEH_Calcuator_Three", "SEH_Calcuator_Three\SEH_Calcuator_Three.vcxproj", "{F4C1D908-9A41-4097-87BB-A5439A9F77A3}"
EndProject
Project("{8BC9CEB8-8B4A-11D0-8D11-00A0C91BC942}") = "SEH_Calcuator", "SEH_Calcuator\SEH_Calcuator.vcxproj", "{E3C204C0-04F5-42AF-9233-C67D2EE28487}"
EndProject
Project("{8BC9CEB8-8B4A-11D0-8D11-00A0C91BC942}") = "GetExceptionCode", "GetExceptionCode\GetExceptionCode.vcxproj", "{D4A7DB52-5C34-4146-B95B-4313F023A5E3}"
EndProject
Project("{8BC9CEB8-8B4A-11D0-8D11-00A0C91BC942}") = "SEH_Calculator_ContinueExecution", "SEH_Calculator_ContinueExecution\SEH_Calculator_ContinueExecution.vcxproj", "{845C438F-3623-4CBF-820B-AD64CE9BC07E}"
EndProject
Project("{8BC9CEB8-8B4A-11D0-8D11-00A0C91BC942}") = "EXCEPTION_CONTINUE_SEARCH", "EXCEPTION_CONTINUE_SEARCH\EXCEPTION_CONTINUE_SEARCH.vcxproj", "{07FFD5D7-B3D9-4F65-9B86-8DDE19769050}"
EndProject
Project("{8BC9CEB8-8B4A-11D0-8D11-00A0C91BC942}") = "RaiseException", "RaiseException\RaiseException.vcxproj", "{05310F96-4EB8-45FF-BB0A-2515F839016F}"
EndProject
Project("{8BC9CEB8-8B4A-11D0-8D11-00A0C91BC942}") = "EXCEPTION_NONCONTINUABLE", "EXCEPTION_NONCONTINUABLE\EXCEPTION_NONCONTINUABLE.vcxproj", "{347DC1C2-C226-4397-BFA0-B7CADACD6769}"
EndProject
Project("{8BC9CEB8-8B4A-11D0-8D11-00A0C91BC942}") = "UNICODE_BASE_FILE_IO", "UNICODE_BASE_FILE_IO\UNICODE_BASE_FILE_IO.vcxproj", "{17014E40-41E5-4718-B09E-977E642A10E2}"
EndProject
Project("{8BC9CEB8-8B4A-11D0-8D11-00A0C91BC942}") = "FileTimeInfotmation", "FileTimeInfotmation\FileTimeInfotmation.vcxproj", "{9965510B-EBE1-469C-BB1C-AB11C3666E66}"
EndProject
Project("{8BC9CEB8-8B4A-11D0-8D11-00A0C91BC942}") = "GetFullPathName", "GetFullPathName\GetFullPathName.vcxproj", "{BC6A0366-0D29-4AAE-B9BF-434B4A825F06}"
EndProject
Project("{8BC9CEB8-8B4A-11D0-8D11-00A0C91BC942}") = "setfilepointer_32bit_version", "setfilepointer_32bit_version\setfilepointer_32bit_version.vcxproj", "{91261B82-540E-4B35-84AF-B9CA1E45A3DB}"
EndProject
Project("{8BC9CEB8-8B4A-11D0-8D11-00A0C91BC942}") = "SetFilePointer_64BIT_VERSION", "SetFilePointer_64BIT_VERSION\SetFilePointer_64BIT_VERSION.vcxproj", "{632F8B90-C41D-440C-A527-19C0642A28F9}"
EndProject
Project("{8BC9CEB8-8B4A-11D0-8D11-00A0C91BC942}") = "CreateDeleteDirectory", "CreateDeleteDirectory\CreateDeleteDirectory.vcxproj", "{30619D36-2CC0-4C14-9995-F5311EA35D7A}"
EndProject
Project("{8BC9CEB8-8B4A-11D0-8D11-00A0C91BC942}") = "CurrentDirectory", "CurrentDirectory\CurrentDirectory.vcxproj", "{77C39152-3127-4CFF-9B98-6C2A9B309146}"
EndProject
Project("{8BC9CEB8-8B4A-11D0-8D11-00A0C91BC942}") = "SearchPath", "SearchPath\SearchPath.vcxproj", "{3F68E923-944D-4864-9CCE-8BFEDF3F5518}"
EndProject
Project("{8BC9CEB8-8B4A-11D0-8D11-00A0C91BC942}") = "ListDirectoryFileList", "ListDirectoryFileList\ListDirectoryFileList.vcxproj", "{22CBF74E-224A-46FF-94FC-003150827F71}"
EndProject
Project("{8BC9CEB8-8B4A-11D0-8D11-00A0C91BC942}") = "anonymous_pipe", "anonymous_pipe\anonymous_pipe.vcxproj", "{281EF298-FBFA-463F-86A5-647CC59C2D9C}"
EndProject
Project("{8BC9CEB8-8B4A-11D0-8D11-00A0C91BC942}") = "namedpipe_asynch_server", "namedpipe_asynch_server\namedpipe_asynch_server.vcxproj", "{1D6FE694-4DAF-4678-BCE3-A0E712ACE3E1}"
EndProject
Global
	GlobalSection(SolutionConfigurationPlatforms) = preSolution
		Debug|x64 = Debug|x64
		Debug|x86 = Debug|x86
		Release|x64 = Release|x64
		Release|x86 = Release|x86
	EndGlobalSection
	GlobalSection(ProjectConfigurationPlatforms) = postSolution
		{EC8608C9-2F21-41C8-8C8D-962D1D536EE8}.Debug|x64.ActiveCfg = Debug|x64
		{EC8608C9-2F21-41C8-8C8D-962D1D536EE8}.Debug|x64.Build.0 = Debug|x64
		{EC8608C9-2F21-41C8-8C8D-962D1D536EE8}.Debug|x86.ActiveCfg = Debug|Win32
		{EC8608C9-2F21-41C8-8C8D-962D1D536EE8}.Debug|x86.Build.0 = Debug|Win32
		{EC8608C9-2F21-41C8-8C8D-962D1D536EE8}.Release|x64.ActiveCfg = Release|x64
		{EC8608C9-2F21-41C8-8C8D-962D1D536EE8}.Release|x64.Build.0 = Release|x64
		{EC8608C9-2F21-41C8-8C8D-962D1D536EE8}.Release|x86.ActiveCfg = Release|Win32
		{EC8608C9-2F21-41C8-8C8D-962D1D536EE8}.Release|x86.Build.0 = Release|Win32
		{99681A6E-D339-4F26-BBD8-49EE71242898}.Debug|x64.ActiveCfg = Debug|x64
		{99681A6E-D339-4F26-BBD8-49EE71242898}.Debug|x64.Build.0 = Debug|x64
		{99681A6E-D339-4F26-BBD8-49EE71242898}.Debug|x86.ActiveCfg = Debug|Win32
		{99681A6E-D339-4F26-BBD8-49EE71242898}.Debug|x86.Build.0 = Debug|Win32
		{99681A6E-D339-4F26-BBD8-49EE71242898}.Release|x64.ActiveCfg = Release|x64
		{99681A6E-D339-4F26-BBD8-49EE71242898}.Release|x64.Build.0 = Release|x64
		{99681A6E-D339-4F26-BBD8-49EE71242898}.Release|x86.ActiveCfg = Release|Win32
		{99681A6E-D339-4F26-BBD8-49EE71242898}.Release|x86.Build.0 = Release|Win32
		{5601CA82-AB06-47C1-B7C5-8E28253897F6}.Debug|x64.ActiveCfg = Debug|x64
		{5601CA82-AB06-47C1-B7C5-8E28253897F6}.Debug|x64.Build.0 = Debug|x64
		{5601CA82-AB06-47C1-B7C5-8E28253897F6}.Debug|x86.ActiveCfg = Debug|Win32
		{5601CA82-AB06-47C1-B7C5-8E28253897F6}.Debug|x86.Build.0 = Debug|Win32
		{5601CA82-AB06-47C1-B7C5-8E28253897F6}.Release|x64.ActiveCfg = Release|x64
		{5601CA82-AB06-47C1-B7C5-8E28253897F6}.Release|x64.Build.0 = Release|x64
		{5601CA82-AB06-47C1-B7C5-8E28253897F6}.Release|x86.ActiveCfg = Release|Win32
		{5601CA82-AB06-47C1-B7C5-8E28253897F6}.Release|x86.Build.0 = Release|Win32
		{13F23DEF-C56B-491B-B918-F598B758F7C4}.Debug|x64.ActiveCfg = Debug|x64
		{13F23DEF-C56B-491B-B918-F598B758F7C4}.Debug|x64.Build.0 = Debug|x64
		{13F23DEF-C56B-491B-B918-F598B758F7C4}.Debug|x86.ActiveCfg = Debug|Win32
		{13F23DEF-C56B-491B-B918-F598B758F7C4}.Debug|x86.Build.0 = Debug|Win32
		{13F23DEF-C56B-491B-B918-F598B758F7C4}.Release|x64.ActiveCfg = Release|x64
		{13F23DEF-C56B-491B-B918-F598B758F7C4}.Release|x64.Build.0 = Release|x64
		{13F23DEF-C56B-491B-B918-F598B758F7C4}.Release|x86.ActiveCfg = Release|Win32
		{13F23DEF-C56B-491B-B918-F598B758F7C4}.Release|x86.Build.0 = Release|Win32
		{B2E9C8C9-3613-42F5-A94B-1AECDAD7CEF7}.Debug|x64.ActiveCfg = Debug|x64
		{B2E9C8C9-3613-42F5-A94B-1AECDAD7CEF7}.Debug|x64.Build.0 = Debug|x64
		{B2E9C8C9-3613-42F5-A94B-1AECDAD7CEF7}.Debug|x86.ActiveCfg = Debug|Win32
		{B2E9C8C9-3613-42F5-A94B-1AECDAD7CEF7}.Debug|x86.Build.0 = Debug|Win32
		{B2E9C8C9-3613-42F5-A94B-1AECDAD7CEF7}.Release|x64.ActiveCfg = Release|x64
		{B2E9C8C9-3613-42F5-A94B-1AECDAD7CEF7}.Release|x64.Build.0 = Release|x64
		{B2E9C8C9-3613-42F5-A94B-1AECDAD7CEF7}.Release|x86.ActiveCfg = Release|Win32
		{B2E9C8C9-3613-42F5-A94B-1AECDAD7CEF7}.Release|x86.Build.0 = Release|Win32
		{4E5F57D0-86F6-409D-9CFF-2A64F0B1BEA9}.Debug|x64.ActiveCfg = Debug|x64
		{4E5F57D0-86F6-409D-9CFF-2A64F0B1BEA9}.Debug|x64.Build.0 = Debug|x64
		{4E5F57D0-86F6-409D-9CFF-2A64F0B1BEA9}.Debug|x86.ActiveCfg = Debug|Win32
		{4E5F57D0-86F6-409D-9CFF-2A64F0B1BEA9}.Debug|x86.Build.0 = Debug|Win32
		{4E5F57D0-86F6-409D-9CFF-2A64F0B1BEA9}.Release|x64.ActiveCfg = Release|x64
		{4E5F57D0-86F6-409D-9CFF-2A64F0B1BEA9}.Release|x64.Build.0 = Release|x64
		{4E5F57D0-86F6-409D-9CFF-2A64F0B1BEA9}.Release|x86.ActiveCfg = Release|Win32
		{4E5F57D0-86F6-409D-9CFF-2A64F0B1BEA9}.Release|x86.Build.0 = Release|Win32
		{67579777-5062-4293-B5F0-E2A1A448F6EB}.Debug|x64.ActiveCfg = Debug|x64
		{67579777-5062-4293-B5F0-E2A1A448F6EB}.Debug|x64.Build.0 = Debug|x64
		{67579777-5062-4293-B5F0-E2A1A448F6EB}.Debug|x86.ActiveCfg = Debug|Win32
		{67579777-5062-4293-B5F0-E2A1A448F6EB}.Debug|x86.Build.0 = Debug|Win32
		{67579777-5062-4293-B5F0-E2A1A448F6EB}.Release|x64.ActiveCfg = Release|x64
		{67579777-5062-4293-B5F0-E2A1A448F6EB}.Release|x64.Build.0 = Release|x64
		{67579777-5062-4293-B5F0-E2A1A448F6EB}.Release|x86.ActiveCfg = Release|Win32
		{67579777-5062-4293-B5F0-E2A1A448F6EB}.Release|x86.Build.0 = Release|Win32
		{AE75AACB-0C0C-4F37-B7FE-05119581346A}.Debug|x64.ActiveCfg = Debug|x64
		{AE75AACB-0C0C-4F37-B7FE-05119581346A}.Debug|x64.Build.0 = Debug|x64
		{AE75AACB-0C0C-4F37-B7FE-05119581346A}.Debug|x86.ActiveCfg = Debug|Win32
		{AE75AACB-0C0C-4F37-B7FE-05119581346A}.Debug|x86.Build.0 = Debug|Win32
		{AE75AACB-0C0C-4F37-B7FE-05119581346A}.Release|x64.ActiveCfg = Release|x64
		{AE75AACB-0C0C-4F37-B7FE-05119581346A}.Release|x64.Build.0 = Release|x64
		{AE75AACB-0C0C-4F37-B7FE-05119581346A}.Release|x86.ActiveCfg = Release|Win32
		{AE75AACB-0C0C-4F37-B7FE-05119581346A}.Release|x86.Build.0 = Release|Win32
		{388AD092-0DA7-411C-A379-08C433E33E79}.Debug|x64.ActiveCfg = Debug|x64
		{388AD092-0DA7-411C-A379-08C433E33E79}.Debug|x64.Build.0 = Debug|x64
		{388AD092-0DA7-411C-A379-08C433E33E79}.Debug|x86.ActiveCfg = Debug|Win32
		{388AD092-0DA7-411C-A379-08C433E33E79}.Debug|x86.Build.0 = Debug|Win32
		{388AD092-0DA7-411C-A379-08C433E33E79}.Release|x64.ActiveCfg = Release|x64
		{388AD092-0DA7-411C-A379-08C433E33E79}.Release|x64.Build.0 = Release|x64
		{388AD092-0DA7-411C-A379-08C433E33E79}.Release|x86.ActiveCfg = Release|Win32
		{388AD092-0DA7-411C-A379-08C433E33E79}.Release|x86.Build.0 = Release|Win32
		{3368187C-5674-461B-A212-F42D47D3C3C4}.Debug|x64.ActiveCfg = Debug|x64
		{3368187C-5674-461B-A212-F42D47D3C3C4}.Debug|x64.Build.0 = Debug|x64
		{3368187C-5674-461B-A212-F42D47D3C3C4}.Debug|x86.ActiveCfg = Debug|Win32
		{3368187C-5674-461B-A212-F42D47D3C3C4}.Debug|x86.Build.0 = Debug|Win32
		{3368187C-5674-461B-A212-F42D47D3C3C4}.Release|x64.ActiveCfg = Release|x64
		{3368187C-5674-461B-A212-F42D47D3C3C4}.Release|x64.Build.0 = Release|x64
		{3368187C-5674-461B-A212-F42D47D3C3C4}.Release|x86.ActiveCfg = Release|Win32
		{3368187C-5674-461B-A212-F42D47D3C3C4}.Release|x86.Build.0 = Release|Win32
		{AF48DBE9-B079-4E65-AEE1-306A693F0490}.Debug|x64.ActiveCfg = Debug|x64
		{AF48DBE9-B079-4E65-AEE1-306A693F0490}.Debug|x64.Build.0 = Debug|x64
		{AF48DBE9-B079-4E65-AEE1-306A693F0490}.Debug|x86.ActiveCfg = Debug|Win32
		{AF48DBE9-B079-4E65-AEE1-306A693F0490}.Debug|x86.Build.0 = Debug|Win32
		{AF48DBE9-B079-4E65-AEE1-306A693F0490}.Release|x64.ActiveCfg = Release|x64
		{AF48DBE9-B079-4E65-AEE1-306A693F0490}.Release|x64.Build.0 = Release|x64
		{AF48DBE9-B079-4E65-AEE1-306A693F0490}.Release|x86.ActiveCfg = Release|Win32
		{AF48DBE9-B079-4E65-AEE1-306A693F0490}.Release|x86.Build.0 = Release|Win32
		{D622AE34-AA68-4B3A-B71C-2B1D1BA4B065}.Debug|x64.ActiveCfg = Debug|x64
		{D622AE34-AA68-4B3A-B71C-2B1D1BA4B065}.Debug|x64.Build.0 = Debug|x64
		{D622AE34-AA68-4B3A-B71C-2B1D1BA4B065}.Debug|x86.ActiveCfg = Debug|Win32
		{D622AE34-AA68-4B3A-B71C-2B1D1BA4B065}.Debug|x86.Build.0 = Debug|Win32
		{D622AE34-AA68-4B3A-B71C-2B1D1BA4B065}.Release|x64.ActiveCfg = Release|x64
		{D622AE34-AA68-4B3A-B71C-2B1D1BA4B065}.Release|x64.Build.0 = Release|x64
		{D622AE34-AA68-4B3A-B71C-2B1D1BA4B065}.Release|x86.ActiveCfg = Release|Win32
		{D622AE34-AA68-4B3A-B71C-2B1D1BA4B065}.Release|x86.Build.0 = Release|Win32
		{BC4339F1-61D2-4E9D-A3D2-0128A7316117}.Debug|x64.ActiveCfg = Debug|x64
		{BC4339F1-61D2-4E9D-A3D2-0128A7316117}.Debug|x64.Build.0 = Debug|x64
		{BC4339F1-61D2-4E9D-A3D2-0128A7316117}.Debug|x86.ActiveCfg = Debug|Win32
		{BC4339F1-61D2-4E9D-A3D2-0128A7316117}.Debug|x86.Build.0 = Debug|Win32
		{BC4339F1-61D2-4E9D-A3D2-0128A7316117}.Release|x64.ActiveCfg = Release|x64
		{BC4339F1-61D2-4E9D-A3D2-0128A7316117}.Release|x64.Build.0 = Release|x64
		{BC4339F1-61D2-4E9D-A3D2-0128A7316117}.Release|x86.ActiveCfg = Release|Win32
		{BC4339F1-61D2-4E9D-A3D2-0128A7316117}.Release|x86.Build.0 = Release|Win32
		{EAF1F5A3-9BE0-4B7F-99FB-323C3D6DC589}.Debug|x64.ActiveCfg = Debug|x64
		{EAF1F5A3-9BE0-4B7F-99FB-323C3D6DC589}.Debug|x64.Build.0 = Debug|x64
		{EAF1F5A3-9BE0-4B7F-99FB-323C3D6DC589}.Debug|x86.ActiveCfg = Debug|Win32
		{EAF1F5A3-9BE0-4B7F-99FB-323C3D6DC589}.Debug|x86.Build.0 = Debug|Win32
		{EAF1F5A3-9BE0-4B7F-99FB-323C3D6DC589}.Release|x64.ActiveCfg = Release|x64
		{EAF1F5A3-9BE0-4B7F-99FB-323C3D6DC589}.Release|x64.Build.0 = Release|x64
		{EAF1F5A3-9BE0-4B7F-99FB-323C3D6DC589}.Release|x86.ActiveCfg = Release|Win32
		{EAF1F5A3-9BE0-4B7F-99FB-323C3D6DC589}.Release|x86.Build.0 = Release|Win32
		{F4C1D908-9A41-4097-87BB-A5439A9F77A3}.Debug|x64.ActiveCfg = Debug|x64
		{F4C1D908-9A41-4097-87BB-A5439A9F77A3}.Debug|x64.Build.0 = Debug|x64
		{F4C1D908-9A41-4097-87BB-A5439A9F77A3}.Debug|x86.ActiveCfg = Debug|Win32
		{F4C1D908-9A41-4097-87BB-A5439A9F77A3}.Debug|x86.Build.0 = Debug|Win32
		{F4C1D908-9A41-4097-87BB-A5439A9F77A3}.Release|x64.ActiveCfg = Release|x64
		{F4C1D908-9A41-4097-87BB-A5439A9F77A3}.Release|x64.Build.0 = Release|x64
		{F4C1D908-9A41-4097-87BB-A5439A9F77A3}.Release|x86.ActiveCfg = Release|Win32
		{F4C1D908-9A41-4097-87BB-A5439A9F77A3}.Release|x86.Build.0 = Release|Win32
		{E3C204C0-04F5-42AF-9233-C67D2EE28487}.Debug|x64.ActiveCfg = Debug|x64
		{E3C204C0-04F5-42AF-9233-C67D2EE28487}.Debug|x64.Build.0 = Debug|x64
		{E3C204C0-04F5-42AF-9233-C67D2EE28487}.Debug|x86.ActiveCfg = Debug|Win32
		{E3C204C0-04F5-42AF-9233-C67D2EE28487}.Debug|x86.Build.0 = Debug|Win32
		{E3C204C0-04F5-42AF-9233-C67D2EE28487}.Release|x64.ActiveCfg = Release|x64
		{E3C204C0-04F5-42AF-9233-C67D2EE28487}.Release|x64.Build.0 = Release|x64
		{E3C204C0-04F5-42AF-9233-C67D2EE28487}.Release|x86.ActiveCfg = Release|Win32
		{E3C204C0-04F5-42AF-9233-C67D2EE28487}.Release|x86.Build.0 = Release|Win32
		{D4A7DB52-5C34-4146-B95B-4313F023A5E3}.Debug|x64.ActiveCfg = Debug|x64
		{D4A7DB52-5C34-4146-B95B-4313F023A5E3}.Debug|x64.Build.0 = Debug|x64
		{D4A7DB52-5C34-4146-B95B-4313F023A5E3}.Debug|x86.ActiveCfg = Debug|Win32
		{D4A7DB52-5C34-4146-B95B-4313F023A5E3}.Debug|x86.Build.0 = Debug|Win32
		{D4A7DB52-5C34-4146-B95B-4313F023A5E3}.Release|x64.ActiveCfg = Release|x64
		{D4A7DB52-5C34-4146-B95B-4313F023A5E3}.Release|x64.Build.0 = Release|x64
		{D4A7DB52-5C34-4146-B95B-4313F023A5E3}.Release|x86.ActiveCfg = Release|Win32
		{D4A7DB52-5C34-4146-B95B-4313F023A5E3}.Release|x86.Build.0 = Release|Win32
		{845C438F-3623-4CBF-820B-AD64CE9BC07E}.Debug|x64.ActiveCfg = Debug|x64
		{845C438F-3623-4CBF-820B-AD64CE9BC07E}.Debug|x64.Build.0 = Debug|x64
		{845C438F-3623-4CBF-820B-AD64CE9BC07E}.Debug|x86.ActiveCfg = Debug|Win32
		{845C438F-3623-4CBF-820B-AD64CE9BC07E}.Debug|x86.Build.0 = Debug|Win32
		{845C438F-3623-4CBF-820B-AD64CE9BC07E}.Release|x64.ActiveCfg = Release|x64
		{845C438F-3623-4CBF-820B-AD64CE9BC07E}.Release|x64.Build.0 = Release|x64
		{845C438F-3623-4CBF-820B-AD64CE9BC07E}.Release|x86.ActiveCfg = Release|Win32
		{845C438F-3623-4CBF-820B-AD64CE9BC07E}.Release|x86.Build.0 = Release|Win32
		{07FFD5D7-B3D9-4F65-9B86-8DDE19769050}.Debug|x64.ActiveCfg = Debug|x64
		{07FFD5D7-B3D9-4F65-9B86-8DDE19769050}.Debug|x64.Build.0 = Debug|x64
		{07FFD5D7-B3D9-4F65-9B86-8DDE19769050}.Debug|x86.ActiveCfg = Debug|Win32
		{07FFD5D7-B3D9-4F65-9B86-8DDE19769050}.Debug|x86.Build.0 = Debug|Win32
		{07FFD5D7-B3D9-4F65-9B86-8DDE19769050}.Release|x64.ActiveCfg = Release|x64
		{07FFD5D7-B3D9-4F65-9B86-8DDE19769050}.Release|x64.Build.0 = Release|x64
		{07FFD5D7-B3D9-4F65-9B86-8DDE19769050}.Release|x86.ActiveCfg = Release|Win32
		{07FFD5D7-B3D9-4F65-9B86-8DDE19769050}.Release|x86.Build.0 = Release|Win32
		{05310F96-4EB8-45FF-BB0A-2515F839016F}.Debug|x64.ActiveCfg = Debug|x64
		{05310F96-4EB8-45FF-BB0A-2515F839016F}.Debug|x64.Build.0 = Debug|x64
		{05310F96-4EB8-45FF-BB0A-2515F839016F}.Debug|x86.ActiveCfg = Debug|Win32
		{05310F96-4EB8-45FF-BB0A-2515F839016F}.Debug|x86.Build.0 = Debug|Win32
		{05310F96-4EB8-45FF-BB0A-2515F839016F}.Release|x64.ActiveCfg = Release|x64
		{05310F96-4EB8-45FF-BB0A-2515F839016F}.Release|x64.Build.0 = Release|x64
		{05310F96-4EB8-45FF-BB0A-2515F839016F}.Release|x86.ActiveCfg = Release|Win32
		{05310F96-4EB8-45FF-BB0A-2515F839016F}.Release|x86.Build.0 = Release|Win32
		{347DC1C2-C226-4397-BFA0-B7CADACD6769}.Debug|x64.ActiveCfg = Debug|x64
		{347DC1C2-C226-4397-BFA0-B7CADACD6769}.Debug|x64.Build.0 = Debug|x64
		{347DC1C2-C226-4397-BFA0-B7CADACD6769}.Debug|x86.ActiveCfg = Debug|Win32
		{347DC1C2-C226-4397-BFA0-B7CADACD6769}.Debug|x86.Build.0 = Debug|Win32
		{347DC1C2-C226-4397-BFA0-B7CADACD6769}.Release|x64.ActiveCfg = Release|x64
		{347DC1C2-C226-4397-BFA0-B7CADACD6769}.Release|x64.Build.0 = Release|x64
		{347DC1C2-C226-4397-BFA0-B7CADACD6769}.Release|x86.ActiveCfg = Release|Win32
		{347DC1C2-C226-4397-BFA0-B7CADACD6769}.Release|x86.Build.0 = Release|Win32
		{17014E40-41E5-4718-B09E-977E642A10E2}.Debug|x64.ActiveCfg = Debug|x64
		{17014E40-41E5-4718-B09E-977E642A10E2}.Debug|x64.Build.0 = Debug|x64
		{17014E40-41E5-4718-B09E-977E642A10E2}.Debug|x86.ActiveCfg = Debug|Win32
		{17014E40-41E5-4718-B09E-977E642A10E2}.Debug|x86.Build.0 = Debug|Win32
		{17014E40-41E5-4718-B09E-977E642A10E2}.Release|x64.ActiveCfg = Release|x64
		{17014E40-41E5-4718-B09E-977E642A10E2}.Release|x64.Build.0 = Release|x64
		{17014E40-41E5-4718-B09E-977E642A10E2}.Release|x86.ActiveCfg = Release|Win32
		{17014E40-41E5-4718-B09E-977E642A10E2}.Release|x86.Build.0 = Release|Win32
		{9965510B-EBE1-469C-BB1C-AB11C3666E66}.Debug|x64.ActiveCfg = Debug|x64
		{9965510B-EBE1-469C-BB1C-AB11C3666E66}.Debug|x64.Build.0 = Debug|x64
		{9965510B-EBE1-469C-BB1C-AB11C3666E66}.Debug|x86.ActiveCfg = Debug|Win32
		{9965510B-EBE1-469C-BB1C-AB11C3666E66}.Debug|x86.Build.0 = Debug|Win32
		{9965510B-EBE1-469C-BB1C-AB11C3666E66}.Release|x64.ActiveCfg = Release|x64
		{9965510B-EBE1-469C-BB1C-AB11C3666E66}.Release|x64.Build.0 = Release|x64
		{9965510B-EBE1-469C-BB1C-AB11C3666E66}.Release|x86.ActiveCfg = Release|Win32
		{9965510B-EBE1-469C-BB1C-AB11C3666E66}.Release|x86.Build.0 = Release|Win32
		{BC6A0366-0D29-4AAE-B9BF-434B4A825F06}.Debug|x64.ActiveCfg = Debug|x64
		{BC6A0366-0D29-4AAE-B9BF-434B4A825F06}.Debug|x64.Build.0 = Debug|x64
		{BC6A0366-0D29-4AAE-B9BF-434B4A825F06}.Debug|x86.ActiveCfg = Debug|Win32
		{BC6A0366-0D29-4AAE-B9BF-434B4A825F06}.Debug|x86.Build.0 = Debug|Win32
		{BC6A0366-0D29-4AAE-B9BF-434B4A825F06}.Release|x64.ActiveCfg = Release|x64
		{BC6A0366-0D29-4AAE-B9BF-434B4A825F06}.Release|x64.Build.0 = Release|x64
		{BC6A0366-0D29-4AAE-B9BF-434B4A825F06}.Release|x86.ActiveCfg = Release|Win32
		{BC6A0366-0D29-4AAE-B9BF-434B4A825F06}.Release|x86.Build.0 = Release|Win32
		{91261B82-540E-4B35-84AF-B9CA1E45A3DB}.Debug|x64.ActiveCfg = Debug|x64
		{91261B82-540E-4B35-84AF-B9CA1E45A3DB}.Debug|x64.Build.0 = Debug|x64
		{91261B82-540E-4B35-84AF-B9CA1E45A3DB}.Debug|x86.ActiveCfg = Debug|Win32
		{91261B82-540E-4B35-84AF-B9CA1E45A3DB}.Debug|x86.Build.0 = Debug|Win32
		{91261B82-540E-4B35-84AF-B9CA1E45A3DB}.Release|x64.ActiveCfg = Release|x64
		{91261B82-540E-4B35-84AF-B9CA1E45A3DB}.Release|x64.Build.0 = Release|x64
		{91261B82-540E-4B35-84AF-B9CA1E45A3DB}.Release|x86.ActiveCfg = Release|Win32
		{91261B82-540E-4B35-84AF-B9CA1E45A3DB}.Release|x86.Build.0 = Release|Win32
		{632F8B90-C41D-440C-A527-19C0642A28F9}.Debug|x64.ActiveCfg = Debug|x64
		{632F8B90-C41D-440C-A527-19C0642A28F9}.Debug|x64.Build.0 = Debug|x64
		{632F8B90-C41D-440C-A527-19C0642A28F9}.Debug|x86.ActiveCfg = Debug|Win32
		{632F8B90-C41D-440C-A527-19C0642A28F9}.Debug|x86.Build.0 = Debug|Win32
		{632F8B90-C41D-440C-A527-19C0642A28F9}.Release|x64.ActiveCfg = Release|x64
		{632F8B90-C41D-440C-A527-19C0642A28F9}.Release|x64.Build.0 = Release|x64
		{632F8B90-C41D-440C-A527-19C0642A28F9}.Release|x86.ActiveCfg = Release|Win32
		{632F8B90-C41D-440C-A527-19C0642A28F9}.Release|x86.Build.0 = Release|Win32
		{30619D36-2CC0-4C14-9995-F5311EA35D7A}.Debug|x64.ActiveCfg = Debug|x64
		{30619D36-2CC0-4C14-9995-F5311EA35D7A}.Debug|x64.Build.0 = Debug|x64
		{30619D36-2CC0-4C14-9995-F5311EA35D7A}.Debug|x86.ActiveCfg = Debug|Win32
		{30619D36-2CC0-4C14-9995-F5311EA35D7A}.Debug|x86.Build.0 = Debug|Win32
		{30619D36-2CC0-4C14-9995-F5311EA35D7A}.Release|x64.ActiveCfg = Release|x64
		{30619D36-2CC0-4C14-9995-F5311EA35D7A}.Release|x64.Build.0 = Release|x64
		{30619D36-2CC0-4C14-9995-F5311EA35D7A}.Release|x86.ActiveCfg = Release|Win32
		{30619D36-2CC0-4C14-9995-F5311EA35D7A}.Release|x86.Build.0 = Release|Win32
		{77C39152-3127-4CFF-9B98-6C2A9B309146}.Debug|x64.ActiveCfg = Debug|x64
		{77C39152-3127-4CFF-9B98-6C2A9B309146}.Debug|x64.Build.0 = Debug|x64
		{77C39152-3127-4CFF-9B98-6C2A9B309146}.Debug|x86.ActiveCfg = Debug|Win32
		{77C39152-3127-4CFF-9B98-6C2A9B309146}.Debug|x86.Build.0 = Debug|Win32
		{77C39152-3127-4CFF-9B98-6C2A9B309146}.Release|x64.ActiveCfg = Release|x64
		{77C39152-3127-4CFF-9B98-6C2A9B309146}.Release|x64.Build.0 = Release|x64
		{77C39152-3127-4CFF-9B98-6C2A9B309146}.Release|x86.ActiveCfg = Release|Win32
		{77C39152-3127-4CFF-9B98-6C2A9B309146}.Release|x86.Build.0 = Release|Win32
		{3F68E923-944D-4864-9CCE-8BFEDF3F5518}.Debug|x64.ActiveCfg = Debug|x64
		{3F68E923-944D-4864-9CCE-8BFEDF3F5518}.Debug|x64.Build.0 = Debug|x64
		{3F68E923-944D-4864-9CCE-8BFEDF3F5518}.Debug|x86.ActiveCfg = Debug|Win32
		{3F68E923-944D-4864-9CCE-8BFEDF3F5518}.Debug|x86.Build.0 = Debug|Win32
		{3F68E923-944D-4864-9CCE-8BFEDF3F5518}.Release|x64.ActiveCfg = Release|x64
		{3F68E923-944D-4864-9CCE-8BFEDF3F5518}.Release|x64.Build.0 = Release|x64
		{3F68E923-944D-4864-9CCE-8BFEDF3F5518}.Release|x86.ActiveCfg = Release|Win32
		{3F68E923-944D-4864-9CCE-8BFEDF3F5518}.Release|x86.Build.0 = Release|Win32
		{22CBF74E-224A-46FF-94FC-003150827F71}.Debug|x64.ActiveCfg = Debug|x64
		{22CBF74E-224A-46FF-94FC-003150827F71}.Debug|x64.Build.0 = Debug|x64
		{22CBF74E-224A-46FF-94FC-003150827F71}.Debug|x86.ActiveCfg = Debug|Win32
		{22CBF74E-224A-46FF-94FC-003150827F71}.Debug|x86.Build.0 = Debug|Win32
		{22CBF74E-224A-46FF-94FC-003150827F71}.Release|x64.ActiveCfg = Release|x64
		{22CBF74E-224A-46FF-94FC-003150827F71}.Release|x64.Build.0 = Release|x64
		{22CBF74E-224A-46FF-94FC-003150827F71}.Release|x86.ActiveCfg = Release|Win32
		{22CBF74E-224A-46FF-94FC-003150827F71}.Release|x86.Build.0 = Release|Win32
		{281EF298-FBFA-463F-86A5-647CC59C2D9C}.Debug|x64.ActiveCfg = Debug|x64
		{281EF298-FBFA-463F-86A5-647CC59C2D9C}.Debug|x64.Build.0 = Debug|x64
		{281EF298-FBFA-463F-86A5-647CC59C2D9C}.Debug|x86.ActiveCfg = Debug|Win32
		{281EF298-FBFA-463F-86A5-647CC59C2D9C}.Debug|x86.Build.0 = Debug|Win32
		{281EF298-FBFA-463F-86A5-647CC59C2D9C}.Release|x64.ActiveCfg = Release|x64
		{281EF298-FBFA-463F-86A5-647CC59C2D9C}.Release|x64.Build.0 = Release|x64
		{281EF298-FBFA-463F-86A5-647CC59C2D9C}.Release|x86.ActiveCfg = Release|Win32
		{281EF298-FBFA-463F-86A5-647CC59C2D9C}.Release|x86.Build.0 = Release|Win32
		{1D6FE694-4DAF-4678-BCE3-A0E712ACE3E1}.Debug|x64.ActiveCfg = Debug|x64
		{1D6FE694-4DAF-4678-BCE3-A0E712ACE3E1}.Debug|x64.Build.0 = Debug|x64
		{1D6FE694-4DAF-4678-BCE3-A0E712ACE3E1}.Debug|x86.ActiveCfg = Debug|Win32
		{1D6FE694-4DAF-4678-BCE3-A0E712ACE3E1}.Debug|x86.Build.0 = Debug|Win32
		{1D6FE694-4DAF-4678-BCE3-A0E712ACE3E1}.Release|x64.ActiveCfg = Release|x64
		{1D6FE694-4DAF-4678-BCE3-A0E712ACE3E1}.Release|x64.Build.0 = Release|x64
		{1D6FE694-4DAF-4678-BCE3-A0E712ACE3E1}.Release|x86.ActiveCfg = Release|Win32
		{1D6FE694-4DAF-4678-BCE3-A0E712ACE3E1}.Release|x86.Build.0 = Release|Win32
	EndGlobalSection
	GlobalSection(SolutionProperties) = preSolution
		HideSolutionNode = FALSE
	EndGlobalSection
	GlobalSection(ExtensibilityGlobals) = postSolution
		SolutionGuid = {7501FA92-F86A-4DB4-918C-7731E59BEAFB}
	EndGlobalSection
EndGlobal
